
Microsoft Visual Studio Solution File, Format Version 12.00
# Visual Studio Version 17
VisualStudioVersion = 17.0.32014.148
MinimumVisualStudioVersion = 10.0.40219.1
Project("{FAE04EC0-301F-11D3-BF4B-00C04F79EFBC}") = "221026", "221026.csproj", "{7A0496C7-500C-4159-839D-7FD888ECC0CF}"
EndProject
Global
	GlobalSection(SolutionConfigurationPlatforms) = preSolution
		Debug|Any CPU = Debug|Any CPU
		Release|Any CPU = Release|Any CPU
	EndGlobalSection
	GlobalSection(ProjectConfigurationPlatforms) = postSolution
		{7A0496C7-500C-4159-839D-7FD888ECC0CF}.Debug|Any CPU.ActiveCfg = Debug|Any CPU
		{7A0496C7-500C-4159-839D-7FD888ECC0CF}.Debug|Any CPU.Build.0 = Debug|Any CPU
		{7A0496C7-500C-4159-839D-7FD888ECC0CF}.Release|Any CPU.ActiveCfg = Release|Any CPU
		{7A0496C7-500C-4159-839D-7FD888ECC0CF}.Release|Any CPU.Build.0 = Release|Any CPU
	EndGlobalSection
	GlobalSection(SolutionProperties) = preSolution
		HideSolutionNode = FALSE
	EndGlobalSection
	GlobalSection(ExtensibilityGlobals) = postSolution
		SolutionGuid = {E05886A7-5981-483C-9FC6-6C35737140CC}
	EndGlobalSection
EndGlobal
