
Microsoft Visual Studio Solution File, Format Version 12.00
# Visual Studio Version 17
VisualStudioVersion = 17.0.32014.148
MinimumVisualStudioVersion = 10.0.40219.1
Project("{FAE04EC0-301F-11D3-BF4B-00C04F79EFBC}") = "221013", "221013.csproj", "{8273F6BA-1FB3-4BDB-9043-650887CB24FB}"
EndProject
Global
	GlobalSection(SolutionConfigurationPlatforms) = preSolution
		Debug|Any CPU = Debug|Any CPU
		Release|Any CPU = Release|Any CPU
	EndGlobalSection
	GlobalSection(ProjectConfigurationPlatforms) = postSolution
		{8273F6BA-1FB3-4BDB-9043-650887CB24FB}.Debug|Any CPU.ActiveCfg = Debug|Any CPU
		{8273F6BA-1FB3-4BDB-9043-650887CB24FB}.Debug|Any CPU.Build.0 = Debug|Any CPU
		{8273F6BA-1FB3-4BDB-9043-650887CB24FB}.Release|Any CPU.ActiveCfg = Release|Any CPU
		{8273F6BA-1FB3-4BDB-9043-650887CB24FB}.Release|Any CPU.Build.0 = Release|Any CPU
	EndGlobalSection
	GlobalSection(SolutionProperties) = preSolution
		HideSolutionNode = FALSE
	EndGlobalSection
	GlobalSection(ExtensibilityGlobals) = postSolution
		SolutionGuid = {966B0E93-487B-410A-ADC4-E50D3222BE19}
	EndGlobalSection
EndGlobal
