
Microsoft Visual Studio Solution File, Format Version 12.00
# Visual Studio Version 17
VisualStudioVersion = 17.0.32014.148
MinimumVisualStudioVersion = 10.0.40219.1
Project("{FAE04EC0-301F-11D3-BF4B-00C04F79EFBC}") = "221024", "221024.csproj", "{1EEE0D75-58AC-4D05-852D-E729E9AB8651}"
EndProject
Global
	GlobalSection(SolutionConfigurationPlatforms) = preSolution
		Debug|Any CPU = Debug|Any CPU
		Release|Any CPU = Release|Any CPU
	EndGlobalSection
	GlobalSection(ProjectConfigurationPlatforms) = postSolution
		{1EEE0D75-58AC-4D05-852D-E729E9AB8651}.Debug|Any CPU.ActiveCfg = Debug|Any CPU
		{1EEE0D75-58AC-4D05-852D-E729E9AB8651}.Debug|Any CPU.Build.0 = Debug|Any CPU
		{1EEE0D75-58AC-4D05-852D-E729E9AB8651}.Release|Any CPU.ActiveCfg = Release|Any CPU
		{1EEE0D75-58AC-4D05-852D-E729E9AB8651}.Release|Any CPU.Build.0 = Release|Any CPU
	EndGlobalSection
	GlobalSection(SolutionProperties) = preSolution
		HideSolutionNode = FALSE
	EndGlobalSection
	GlobalSection(ExtensibilityGlobals) = postSolution
		SolutionGuid = {BA2F606C-DA7D-4285-BAD2-BD3C36E13394}
	EndGlobalSection
EndGlobal
